{
  "nodes": {
    "agenix": {
      "inputs": {
        "nixpkgs": [
          "nixpkgs"
        ]
      },
      "locked": {
        "lastModified": 1662046976,
        "narHash": "sha256-BrTReGRhkVm/Kmmf4zQrL+oYWy0sds/BDBgXNX1CL3c=",
        "owner": "ryantm",
        "repo": "agenix",
        "rev": "9f136ecfa5bf954538aed3245e4408cf87c85097",
        "type": "github"
      },
      "original": {
        "owner": "ryantm",
        "ref": "0.12.0",
        "repo": "agenix",
        "type": "github"
      }
    },
    "cfdyndns-src": {
      "flake": false,
      "locked": {
        "lastModified": 1672353684,
        "narHash": "sha256-T1QEvP5Nd2ZY2U76s1Gy9tpLs39ddfGN6JnqBMK8AgU=",
        "owner": "denbeigh2000",
        "repo": "cfdyndns",
        "rev": "df0ed916c387f766fba246a761709fd8ca2836af",
        "type": "github"
      },
      "original": {
        "owner": "denbeigh2000",
        "repo": "cfdyndns",
        "type": "github"
      }
    },
    "darwin": {
      "inputs": {
        "nixpkgs": [
          "nixpkgs"
        ]
      },
      "locked": {
        "lastModified": 1687110393,
        "narHash": "sha256-SnkdWeZ8PZd3Dc74iFF8xiE7qDp5+z3Yps2mE79tsM0=",
        "owner": "LnL7",
        "repo": "nix-darwin",
        "rev": "8a5af0da9d8dab8a188436750489e304ac682085",
        "type": "github"
      },
      "original": {
        "owner": "LnL7",
        "repo": "nix-darwin",
        "type": "github"
      }
    },
    "denbeigh-devtools": {
      "inputs": {
        "denbeigh-neovim": "denbeigh-neovim",
        "flake-utils": [
          "flake-utils"
        ],
        "nixpkgs": [
          "nixpkgs"
        ],
        "rnix-lsp": "rnix-lsp",
        "rust-overlay": "rust-overlay"
      },
      "locked": {
        "lastModified": 1683508275,
        "narHash": "sha256-r2d8Wbm7GYgXsd0roPyKz0uVtmuZH93I3YFqR3XpSn0=",
        "owner": "denbeigh2000",
        "repo": "nix-dev",
        "rev": "35420ffda955b19b52b745bc030273fab53272ae",
        "type": "github"
      },
      "original": {
        "owner": "denbeigh2000",
        "repo": "nix-dev",
        "type": "github"
      }
    },
    "denbeigh-neovim": {
      "inputs": {
        "flake-utils": [
          "denbeigh-devtools",
          "flake-utils"
        ],
        "nixpkgs": [
          "denbeigh-devtools",
          "nixpkgs"
        ]
      },
      "locked": {
        "lastModified": 1683504563,
        "narHash": "sha256-UIQ+VQtvYKtksIWR+Bdg8lpIvgbQHFOYcCEGI6m/gSQ=",
        "owner": "denbeigh2000",
        "repo": "neovim-nix",
        "rev": "b839e294eb9302398d0ccc7ce5d813d4fd95a2b7",
        "type": "github"
      },
      "original": {
        "owner": "denbeigh2000",
        "repo": "neovim-nix",
        "type": "github"
      }
    },
    "flake-utils": {
      "inputs": {
        "systems": "systems"
      },
      "locked": {
        "lastModified": 1687171271,
        "narHash": "sha256-BJlq+ozK2B1sJDQXS3tzJM5a+oVZmi1q0FlBK/Xqv7M=",
        "owner": "numtide",
        "repo": "flake-utils",
        "rev": "abfb11bd1aec8ced1c9bb9adfe68018230f4fb3c",
        "type": "github"
      },
      "original": {
        "owner": "numtide",
        "repo": "flake-utils",
        "type": "github"
      }
    },
    "flake-utils_2": {
      "locked": {
        "lastModified": 1659877975,
        "narHash": "sha256-zllb8aq3YO3h8B/U0/J1WBgAL8EX5yWf5pMj3G0NAmc=",
        "owner": "numtide",
        "repo": "flake-utils",
        "rev": "c0e246b9b83f637f4681389ecabcb2681b4f3af0",
        "type": "github"
      },
      "original": {
        "owner": "numtide",
        "repo": "flake-utils",
        "type": "github"
      }
    },
    "fonts": {
      "inputs": {
        "flake-utils": [
          "flake-utils"
        ],
        "nixpkgs": [
          "nixpkgs"
        ]
      },
      "locked": {
        "lastModified": 1686152696,
        "narHash": "sha256-23PgiYILh9wWhGKH54gp8qreJoI8UyfFT4/d3M96DAs=",
        "owner": "denbeigh2000",
        "repo": "fonts",
        "rev": "c5769a4d5a5f2d98bdb9e1ed8a5fdaaf0f3d8be5",
        "type": "github"
      },
      "original": {
        "owner": "denbeigh2000",
        "repo": "fonts",
        "type": "github"
      }
    },
    "harmonia-src": {
      "flake": false,
      "locked": {
        "lastModified": 1684918569,
        "narHash": "sha256-3rIgSZSEAqD1FvT7Js53BpPAxvextiX5ckWJPgds+fo=",
        "owner": "helsinki-systems",
        "repo": "harmonia",
        "rev": "ceffc7b9fa020e0dd042a5f05673479167376c53",
        "type": "github"
      },
      "original": {
        "owner": "helsinki-systems",
        "repo": "harmonia",
        "type": "github"
      }
    },
    "home-manager": {
      "inputs": {
        "nixpkgs": [
          "nixpkgs"
        ],
        "utils": "utils_2"
      },
      "locked": {
        "lastModified": 1685325875,
        "narHash": "sha256-tevlLIMPeVNNYPd9UgjHApAUoFAnw9iohqUyj+LPp88=",
        "owner": "nix-community",
        "repo": "home-manager",
        "rev": "b372d7f8d5518aaba8a4058a453957460481afbc",
        "type": "github"
      },
      "original": {
        "owner": "nix-community",
        "ref": "release-22.11",
        "repo": "home-manager",
        "type": "github"
      }
    },
    "naersk": {
      "inputs": {
        "nixpkgs": [
          "denbeigh-devtools",
          "rnix-lsp",
          "nixpkgs"
        ]
      },
      "locked": {
        "lastModified": 1655042882,
        "narHash": "sha256-9BX8Fuez5YJlN7cdPO63InoyBy7dm3VlJkkmTt6fS1A=",
        "owner": "nix-community",
        "repo": "naersk",
        "rev": "cddffb5aa211f50c4b8750adbec0bbbdfb26bb9f",
        "type": "github"
      },
      "original": {
        "owner": "nix-community",
        "repo": "naersk",
        "type": "github"
      }
    },
    "nixgl": {
      "inputs": {
        "flake-utils": "flake-utils_2",
        "nixpkgs": [
          "nixpkgs"
        ]
      },
      "locked": {
        "lastModified": 1685908677,
        "narHash": "sha256-E4zUPEUFyVWjVm45zICaHRpfGepfkE9Z2OECV9HXfA4=",
        "owner": "guibou",
        "repo": "nixGL",
        "rev": "489d6b095ab9d289fe11af0219a9ff00fe87c7c5",
        "type": "github"
      },
      "original": {
        "owner": "guibou",
        "repo": "nixGL",
        "type": "github"
      }
    },
    "nixlib": {
      "locked": {
        "lastModified": 1687049841,
        "narHash": "sha256-FBNZQfWtA7bb/rwk92mfiWc85x4hXta2OAouDqO5W8w=",
        "owner": "nix-community",
        "repo": "nixpkgs.lib",
        "rev": "908af6d1fa3643c5818ea45aa92b21d6385fbbe5",
        "type": "github"
      },
      "original": {
        "owner": "nix-community",
        "repo": "nixpkgs.lib",
        "type": "github"
      }
    },
    "nixos-generators": {
      "inputs": {
        "nixlib": "nixlib",
        "nixpkgs": [
          "nixpkgs"
        ]
      },
      "locked": {
        "lastModified": 1687183443,
        "narHash": "sha256-foX4pkph2AwUdJL3JURa7IHog+YRIheZ54vwHwxqwhU=",
        "owner": "nix-community",
        "repo": "nixos-generators",
        "rev": "09140f23f5ffce828db4ef040070bdd9595b1f3a",
        "type": "github"
      },
      "original": {
        "owner": "nix-community",
        "repo": "nixos-generators",
        "type": "github"
      }
    },
    "nixpkgs": {
      "locked": {
        "lastModified": 1687019075,
        "narHash": "sha256-YjB+tp0DPfzct8XmXNW1UAfQp0irIVM7nGcJPiqT61c=",
        "owner": "nixos",
        "repo": "nixpkgs",
        "rev": "50d2e0780758fcb41cf5e494a51624cbf6c40b20",
        "type": "github"
      },
      "original": {
        "owner": "nixos",
        "ref": "nixos-22.11",
        "repo": "nixpkgs",
        "type": "github"
      }
    },
    "nixpkgs-unstable": {
      "locked": {
        "lastModified": 1686960236,
        "narHash": "sha256-AYCC9rXNLpUWzD9hm+askOfpliLEC9kwAo7ITJc4HIw=",
        "owner": "nixos",
        "repo": "nixpkgs",
        "rev": "04af42f3b31dba0ef742d254456dc4c14eedac86",
        "type": "github"
      },
      "original": {
        "owner": "nixos",
        "ref": "nixos-unstable",
        "repo": "nixpkgs",
        "type": "github"
      }
    },
    "noisetorch-src": {
      "flake": false,
      "locked": {
        "lastModified": 1674891425,
        "narHash": "sha256-LeaW7oXlCRVhs91Jw34A1XaDTOgUY23OcG5ENyptzmw=",
        "ref": "refs/heads/master",
        "rev": "254802e1a09efeef2e75bc862f9f342613d00fcc",
        "revCount": 273,
        "submodules": true,
        "type": "git",
        "url": "ssh://git@github.com/noisetorch/NoiseTorch.git"
      },
      "original": {
        "submodules": true,
        "type": "git",
        "url": "ssh://git@github.com/noisetorch/NoiseTorch.git"
      }
    },
    "rnix-lsp": {
      "inputs": {
        "naersk": "naersk",
        "nixpkgs": [
          "denbeigh-devtools",
          "nixpkgs"
        ],
        "utils": "utils"
      },
      "locked": {
        "lastModified": 1669555118,
        "narHash": "sha256-F0s0m62S5bHNVWNHLZD6SeHiLrsDx98VQbRjDyIu+qQ=",
        "owner": "nix-community",
        "repo": "rnix-lsp",
        "rev": "95d40673fe43642e2e1144341e86d0036abd95d9",
        "type": "github"
      },
      "original": {
        "owner": "nix-community",
        "repo": "rnix-lsp",
        "type": "github"
      }
    },
    "root": {
      "inputs": {
        "agenix": "agenix",
        "cfdyndns-src": "cfdyndns-src",
        "darwin": "darwin",
        "denbeigh-devtools": "denbeigh-devtools",
        "flake-utils": "flake-utils",
        "fonts": "fonts",
        "harmonia-src": "harmonia-src",
        "home-manager": "home-manager",
        "nixgl": "nixgl",
        "nixos-generators": "nixos-generators",
        "nixpkgs": "nixpkgs",
        "nixpkgs-unstable": "nixpkgs-unstable",
        "noisetorch-src": "noisetorch-src",
        "terraform-providers-bin": "terraform-providers-bin"
      }
    },
    "rust-overlay": {
      "inputs": {
        "flake-utils": [
          "denbeigh-devtools",
          "flake-utils"
        ],
        "nixpkgs": [
          "denbeigh-devtools",
          "nixpkgs"
        ]
      },
      "locked": {
        "lastModified": 1683426137,
        "narHash": "sha256-iqLjaJDMppvK1ae1eL55b2r7EX+rbUuEnssFOe9eOm8=",
        "owner": "oxalica",
        "repo": "rust-overlay",
        "rev": "546a8209ce0965475495dd422e4ab3c6de7a268c",
        "type": "github"
      },
      "original": {
        "owner": "oxalica",
        "repo": "rust-overlay",
        "type": "github"
      }
    },
    "systems": {
      "locked": {
        "lastModified": 1681028828,
        "narHash": "sha256-Vy1rq5AaRuLzOxct8nz4T6wlgyUR7zLU309k9mBC768=",
        "owner": "nix-systems",
        "repo": "default",
        "rev": "da67096a3b9bf56a91d16901293e51ba5b49a27e",
        "type": "github"
      },
      "original": {
        "owner": "nix-systems",
        "repo": "default",
        "type": "github"
      }
    },
    "terraform-providers-bin": {
      "inputs": {
        "nixpkgs": [
          "nixpkgs"
        ]
      },
      "locked": {
        "lastModified": 1687158437,
        "narHash": "sha256-1vse0yMS5GDqu1CEjly58/cAqXMcelBXL+1nqby80e8=",
        "owner": "nix-community",
        "repo": "nixpkgs-terraform-providers-bin",
        "rev": "4ec5bb34abcb6f826e15976162cd2947ed08aab4",
        "type": "github"
      },
      "original": {
        "owner": "nix-community",
        "repo": "nixpkgs-terraform-providers-bin",
        "type": "github"
      }
    },
    "utils": {
      "locked": {
        "lastModified": 1656928814,
        "narHash": "sha256-RIFfgBuKz6Hp89yRr7+NR5tzIAbn52h8vT6vXkYjZoM=",
        "owner": "numtide",
        "repo": "flake-utils",
        "rev": "7e2a3b3dfd9af950a856d66b0a7d01e3c18aa249",
        "type": "github"
      },
      "original": {
        "owner": "numtide",
        "repo": "flake-utils",
        "type": "github"
      }
    },
    "utils_2": {
      "locked": {
        "lastModified": 1667395993,
        "narHash": "sha256-nuEHfE/LcWyuSWnS8t12N1wc105Qtau+/OdUAjtQ0rA=",
        "owner": "numtide",
        "repo": "flake-utils",
        "rev": "5aed5285a952e0b949eb3ba02c12fa4fcfef535f",
        "type": "github"
      },
      "original": {
        "owner": "numtide",
        "repo": "flake-utils",
        "type": "github"
      }
    }
  },
  "root": "root",
  "version": 7
}
