{
  "nodes": {
    "agenix": {
      "inputs": {
        "darwin": [
          "darwin"
        ],
        "home-manager": "home-manager",
        "nixpkgs": [
          "nixpkgs"
        ],
        "systems": "systems"
      },
      "locked": {
        "lastModified": 1712079060,
        "narHash": "sha256-/JdiT9t+zzjChc5qQiF+jhrVhRt8figYH29rZO7pFe4=",
        "owner": "ryantm",
        "repo": "agenix",
        "rev": "1381a759b205dff7a6818733118d02253340fd5e",
        "type": "github"
      },
      "original": {
        "owner": "ryantm",
        "repo": "agenix",
        "type": "github"
      }
    },
    "beautysh": {
      "inputs": {
        "nixpkgs": [
          "denbeigh-neovim",
          "nixvim",
          "nixpkgs"
        ],
        "poetry2nix": "poetry2nix",
        "utils": "utils"
      },
      "locked": {
        "lastModified": 1680308980,
        "narHash": "sha256-aUEHV0jk2qIFP3jlsWYWhBbm+w/N9gzH3e4I5DcdB5s=",
        "owner": "lovesegfault",
        "repo": "beautysh",
        "rev": "9845efc3ea3e86cc0d41465d720a47f521b2799c",
        "type": "github"
      },
      "original": {
        "owner": "lovesegfault",
        "repo": "beautysh",
        "type": "github"
      }
    },
    "darwin": {
      "inputs": {
        "nixpkgs": [
          "nixpkgs"
        ]
      },
      "locked": {
        "lastModified": 1713543876,
        "narHash": "sha256-olEWxacm1xZhAtpq+ZkEyQgR4zgfE7ddpNtZNvubi3g=",
        "owner": "LnL7",
        "repo": "nix-darwin",
        "rev": "9e7c20ffd056e406ddd0276ee9d89f09c5e5f4ed",
        "type": "github"
      },
      "original": {
        "owner": "LnL7",
        "repo": "nix-darwin",
        "type": "github"
      }
    },
    "denbeigh-ci": {
      "inputs": {
        "flake-utils": [
          "flake-utils"
        ],
        "naersk": "naersk",
        "nixpkgs": [
          "nixpkgs"
        ],
        "rust-overlay": "rust-overlay"
      },
      "locked": {
        "lastModified": 1712287842,
        "narHash": "sha256-v76mRppququma1m0Uwy9VsEjsGcWOvX2UKYC/7drlgs=",
        "owner": "denbeigh2000",
        "repo": "ci",
        "rev": "5fdc37c455cbb3c560d733c4c7ff8309089a5ece",
        "type": "github"
      },
      "original": {
        "owner": "denbeigh2000",
        "repo": "ci",
        "type": "github"
      }
    },
    "denbeigh-ci_2": {
      "inputs": {
        "flake-utils": [
          "denbeigh-devtools",
          "flake-utils"
        ],
        "naersk": "naersk_2",
        "nixpkgs": [
          "denbeigh-devtools",
          "nixpkgs"
        ],
        "rust-overlay": "rust-overlay_2"
      },
      "locked": {
        "lastModified": 1711908364,
        "narHash": "sha256-q9PxtuL+1s8nUSQzXOa3OiSSq4EcKAXXsygXfCP96hI=",
        "owner": "denbeigh2000",
        "repo": "ci",
        "rev": "0d6933a56c23cc227e5c91e810b275213768839a",
        "type": "github"
      },
      "original": {
        "owner": "denbeigh2000",
        "repo": "ci",
        "type": "github"
      }
    },
    "denbeigh-ci_3": {
      "inputs": {
        "flake-utils": [
          "denbeigh-neovim",
          "flake-utils"
        ],
        "naersk": "naersk_3",
        "nixpkgs": [
          "denbeigh-neovim",
          "nixpkgs"
        ],
        "rust-overlay": "rust-overlay_4"
      },
      "locked": {
        "lastModified": 1711908364,
        "narHash": "sha256-q9PxtuL+1s8nUSQzXOa3OiSSq4EcKAXXsygXfCP96hI=",
        "owner": "denbeigh2000",
        "repo": "ci",
        "rev": "0d6933a56c23cc227e5c91e810b275213768839a",
        "type": "github"
      },
      "original": {
        "owner": "denbeigh2000",
        "repo": "ci",
        "type": "github"
      }
    },
    "denbeigh-devtools": {
      "inputs": {
        "denbeigh-ci": "denbeigh-ci_2",
        "flake-utils": [
          "flake-utils"
        ],
        "nixpkgs": [
          "nixpkgs"
        ],
        "rust-overlay": "rust-overlay_3"
      },
      "locked": {
        "lastModified": 1711911648,
        "narHash": "sha256-ipG4NrVrKExdk2P3TxbQ1qu2k/6XIcDhetnybTdgQLg=",
        "owner": "denbeigh2000",
        "repo": "nix-dev",
        "rev": "a9a23fe954284573309613ebbf81289cded51ac3",
        "type": "github"
      },
      "original": {
        "owner": "denbeigh2000",
        "repo": "nix-dev",
        "type": "github"
      }
    },
    "denbeigh-neovim": {
      "inputs": {
        "denbeigh-ci": "denbeigh-ci_3",
        "flake-utils": [
          "flake-utils"
        ],
        "nixpkgs": [
          "nixpkgs"
        ],
        "nixvim": "nixvim"
      },
      "locked": {
        "lastModified": 1711910950,
        "narHash": "sha256-H9O4YyNSNnfRqMAYZDVE0YmdmFLANOZDapyndQfCVf8=",
        "owner": "denbeigh2000",
        "repo": "neovim-nix",
        "rev": "6a2ba51e516fce6d4f183d635856dec019ff4f18",
        "type": "github"
      },
      "original": {
        "owner": "denbeigh2000",
        "ref": "nixos-23.11",
        "repo": "neovim-nix",
        "type": "github"
      }
    },
    "flake-compat": {
      "flake": false,
      "locked": {
        "lastModified": 1673956053,
        "narHash": "sha256-4gtG9iQuiKITOjNQQeQIpoIB6b16fm+504Ch3sNKLd8=",
        "owner": "edolstra",
        "repo": "flake-compat",
        "rev": "35bb57c0c8d8b62bbfd284272c928ceb64ddbde9",
        "type": "github"
      },
      "original": {
        "owner": "edolstra",
        "repo": "flake-compat",
        "type": "github"
      }
    },
    "flake-utils": {
      "inputs": {
        "systems": "systems_2"
      },
      "locked": {
        "lastModified": 1685518550,
        "narHash": "sha256-o2d0KcvaXzTrPRIo0kOLV0/QXHhDQ5DTi+OxcjO8xqY=",
        "owner": "numtide",
        "repo": "flake-utils",
        "rev": "a1720a10a6cfe8234c0e93907ffe81be440f4cef",
        "type": "github"
      },
      "original": {
        "owner": "numtide",
        "repo": "flake-utils",
        "type": "github"
      }
    },
    "flake-utils_2": {
      "inputs": {
        "systems": "systems_3"
      },
      "locked": {
        "lastModified": 1710146030,
        "narHash": "sha256-SZ5L6eA7HJ/nmkzGG7/ISclqe6oZdOZTNoesiInkXPQ=",
        "owner": "numtide",
        "repo": "flake-utils",
        "rev": "b1d9ab70662946ef0850d488da1c9019f3a9752a",
        "type": "github"
      },
      "original": {
        "owner": "numtide",
        "repo": "flake-utils",
        "type": "github"
      }
    },
    "flake-utils_3": {
      "inputs": {
        "systems": "systems_4"
      },
      "locked": {
        "lastModified": 1681202837,
        "narHash": "sha256-H+Rh19JDwRtpVPAWp64F+rlEtxUWBAQW28eAi3SRSzg=",
        "owner": "numtide",
        "repo": "flake-utils",
        "rev": "cfacdce06f30d2b68473a46042957675eebb3401",
        "type": "github"
      },
      "original": {
        "owner": "numtide",
        "repo": "flake-utils",
        "type": "github"
      }
    },
    "fonts": {
      "inputs": {
        "flake-utils": [
          "flake-utils"
        ],
        "nixpkgs": [
          "nixpkgs"
        ]
      },
      "locked": {
        "lastModified": 1705450517,
        "narHash": "sha256-cHjdxzQLag2GCjkM1XPQ0aNA2HCxlPF0mopyTRJCjf4=",
        "owner": "denbeigh2000",
        "repo": "fonts",
        "rev": "4ef0d31d46fa95650ae873a1c056fb462684b06b",
        "type": "github"
      },
      "original": {
        "owner": "denbeigh2000",
        "repo": "fonts",
        "type": "github"
      }
    },
    "gitignore": {
      "inputs": {
        "nixpkgs": [
          "denbeigh-neovim",
          "nixvim",
          "pre-commit-hooks",
          "nixpkgs"
        ]
      },
      "locked": {
        "lastModified": 1660459072,
        "narHash": "sha256-8DFJjXG8zqoONA1vXtgeKXy68KdJL5UaXR8NtVMUbx8=",
        "owner": "hercules-ci",
        "repo": "gitignore.nix",
        "rev": "a20de23b925fd8264fd7fad6454652e142fd7f73",
        "type": "github"
      },
      "original": {
        "owner": "hercules-ci",
        "repo": "gitignore.nix",
        "type": "github"
      }
    },
    "home-manager": {
      "inputs": {
        "nixpkgs": [
          "agenix",
          "nixpkgs"
        ]
      },
      "locked": {
        "lastModified": 1703113217,
        "narHash": "sha256-7ulcXOk63TIT2lVDSExj7XzFx09LpdSAPtvgtM7yQPE=",
        "owner": "nix-community",
        "repo": "home-manager",
        "rev": "3bfaacf46133c037bb356193bd2f1765d9dc82c1",
        "type": "github"
      },
      "original": {
        "owner": "nix-community",
        "repo": "home-manager",
        "type": "github"
      }
    },
    "home-manager_2": {
      "inputs": {
        "nixpkgs": [
          "nixpkgs"
        ]
      },
      "locked": {
        "lastModified": 1712386041,
        "narHash": "sha256-dA82pOMQNnCJMAsPG7AXG35VmCSMZsJHTFlTHizpKWQ=",
        "owner": "nix-community",
        "repo": "home-manager",
        "rev": "d6bb9f934f2870e5cbc5b94c79e9db22246141ff",
        "type": "github"
      },
      "original": {
        "owner": "nix-community",
        "ref": "release-23.11",
        "repo": "home-manager",
        "type": "github"
      }
    },
    "naersk": {
      "inputs": {
        "nixpkgs": [
          "denbeigh-ci",
          "nixpkgs"
        ]
      },
      "locked": {
        "lastModified": 1698420672,
        "narHash": "sha256-/TdeHMPRjjdJub7p7+w55vyABrsJlt5QkznPYy55vKA=",
        "owner": "nix-community",
        "repo": "naersk",
        "rev": "aeb58d5e8faead8980a807c840232697982d47b9",
        "type": "github"
      },
      "original": {
        "owner": "nix-community",
        "repo": "naersk",
        "type": "github"
      }
    },
    "naersk_2": {
      "inputs": {
        "nixpkgs": [
          "denbeigh-devtools",
          "denbeigh-ci",
          "nixpkgs"
        ]
      },
      "locked": {
        "lastModified": 1698420672,
        "narHash": "sha256-/TdeHMPRjjdJub7p7+w55vyABrsJlt5QkznPYy55vKA=",
        "owner": "nix-community",
        "repo": "naersk",
        "rev": "aeb58d5e8faead8980a807c840232697982d47b9",
        "type": "github"
      },
      "original": {
        "owner": "nix-community",
        "repo": "naersk",
        "type": "github"
      }
    },
    "naersk_3": {
      "inputs": {
        "nixpkgs": [
          "denbeigh-neovim",
          "denbeigh-ci",
          "nixpkgs"
        ]
      },
      "locked": {
        "lastModified": 1698420672,
        "narHash": "sha256-/TdeHMPRjjdJub7p7+w55vyABrsJlt5QkznPYy55vKA=",
        "owner": "nix-community",
        "repo": "naersk",
        "rev": "aeb58d5e8faead8980a807c840232697982d47b9",
        "type": "github"
      },
      "original": {
        "owner": "nix-community",
        "repo": "naersk",
        "type": "github"
      }
    },
    "naersk_4": {
      "inputs": {
        "nixpkgs": [
          "nix-upload-daemon",
          "nixpkgs"
        ]
      },
      "locked": {
        "lastModified": 1690373729,
        "narHash": "sha256-e136hTT7LqQ2QjOTZQMW+jnsevWwBpMj78u6FRUsH9I=",
        "owner": "nix-community",
        "repo": "naersk",
        "rev": "d9a33d69a9c421d64c8d925428864e93be895dcc",
        "type": "github"
      },
      "original": {
        "owner": "nix-community",
        "repo": "naersk",
        "type": "github"
      }
    },
    "nix-upload-daemon": {
      "inputs": {
        "flake-utils": [
          "flake-utils"
        ],
        "naersk": "naersk_4",
        "nixpkgs": [
          "nixpkgs"
        ],
        "rust-overlay": "rust-overlay_5"
      },
      "locked": {
        "lastModified": 1696710859,
        "narHash": "sha256-SmAw/H9GPTpex8Wy6SJcScXZwgI8Ii/wsscsWA9jliQ=",
        "owner": "denbeigh2000",
        "repo": "nix-upload-daemon",
        "rev": "f6176ce7127ae5cfd037101e9b5011f36255f261",
        "type": "github"
      },
      "original": {
        "owner": "denbeigh2000",
        "repo": "nix-upload-daemon",
        "type": "github"
      }
    },
    "nixgl": {
      "inputs": {
        "flake-utils": [
          "flake-utils"
        ],
        "nixpkgs": [
          "nixpkgs"
        ]
      },
      "locked": {
        "lastModified": 1713543440,
        "narHash": "sha256-lnzZQYG0+EXl/6NkGpyIz+FEOc/DSEG57AP1VsdeNrM=",
        "owner": "guibou",
        "repo": "nixGL",
        "rev": "310f8e49a149e4c9ea52f1adf70cdc768ec53f8a",
        "type": "github"
      },
      "original": {
        "owner": "guibou",
        "repo": "nixGL",
        "type": "github"
      }
    },
    "nixlib": {
      "locked": {
        "lastModified": 1712450863,
        "narHash": "sha256-K6IkdtMtq9xktmYPj0uaYc8NsIqHuaAoRBaMgu9Fvrw=",
        "owner": "nix-community",
        "repo": "nixpkgs.lib",
        "rev": "3c62b6a12571c9a7f65ab037173ee153d539905f",
        "type": "github"
      },
      "original": {
        "owner": "nix-community",
        "repo": "nixpkgs.lib",
        "type": "github"
      }
    },
    "nixos-generators": {
      "inputs": {
        "nixlib": "nixlib",
        "nixpkgs": [
          "nixpkgs"
        ]
      },
      "locked": {
        "lastModified": 1712537332,
        "narHash": "sha256-yYlxv1sg/TNl6hghjAe0ct+/p5PwXiT1mpuaExjhR88=",
        "owner": "nix-community",
        "repo": "nixos-generators",
        "rev": "d942db8df8ee860556a38754f15b8d03bf7e6933",
        "type": "github"
      },
      "original": {
        "owner": "nix-community",
        "repo": "nixos-generators",
        "type": "github"
      }
    },
    "nixpkgs": {
      "locked": {
        "lastModified": 1713564160,
        "narHash": "sha256-YguPZpiejgzLEcO36/SZULjJQ55iWcjAmf3lYiyV1Fo=",
        "owner": "nixos",
        "repo": "nixpkgs",
        "rev": "bc194f70731cc5d2b046a6c1b3b15f170f05999c",
        "type": "github"
      },
      "original": {
        "owner": "nixos",
        "ref": "nixos-23.11",
        "repo": "nixpkgs",
        "type": "github"
      }
    },
    "nixpkgs-stable": {
      "locked": {
        "lastModified": 1685801374,
        "narHash": "sha256-otaSUoFEMM+LjBI1XL/xGB5ao6IwnZOXc47qhIgJe8U=",
        "owner": "NixOS",
        "repo": "nixpkgs",
        "rev": "c37ca420157f4abc31e26f436c1145f8951ff373",
        "type": "github"
      },
      "original": {
        "owner": "NixOS",
        "ref": "nixos-23.05",
        "repo": "nixpkgs",
        "type": "github"
      }
    },
    "nixpkgs-unstable": {
      "locked": {
        "lastModified": 1713537308,
        "narHash": "sha256-XtTSSIB2DA6tOv+l0FhvfDMiyCmhoRbNB+0SeInZkbk=",
        "owner": "nixos",
        "repo": "nixpkgs",
        "rev": "5c24cf2f0a12ad855f444c30b2421d044120c66f",
        "type": "github"
      },
      "original": {
        "owner": "nixos",
        "ref": "nixos-unstable",
        "repo": "nixpkgs",
        "type": "github"
      }
    },
    "nixvim": {
      "inputs": {
        "beautysh": "beautysh",
        "flake-utils": [
          "denbeigh-neovim",
          "flake-utils"
        ],
        "nixpkgs": [
          "denbeigh-neovim",
          "nixpkgs"
        ],
        "pre-commit-hooks": "pre-commit-hooks"
      },
      "locked": {
        "lastModified": 1704297403,
        "narHash": "sha256-g7+4SiXDGzIlWIfANyH1J5CeEaY+Alah6KOm6IO4nIk=",
        "owner": "nix-community",
        "repo": "nixvim",
        "rev": "b3ea5256e07ee9105060cffa075028402946bd63",
        "type": "github"
      },
      "original": {
        "owner": "nix-community",
        "ref": "nixos-23.11",
        "repo": "nixvim",
        "type": "github"
      }
    },
    "noisetorch-src": {
      "flake": false,
      "locked": {
        "lastModified": 1696908136,
        "narHash": "sha256-tTJVOVxWnZVm0ceZKHKDTTLC3htWxuqK9tGjLk9mAy8=",
        "ref": "refs/heads/master",
        "rev": "e5c4d3603428a1beb76939cba58f935cc2bac467",
        "revCount": 296,
        "submodules": true,
        "type": "git",
        "url": "ssh://git@github.com/noisetorch/NoiseTorch.git"
      },
      "original": {
        "submodules": true,
        "type": "git",
        "url": "ssh://git@github.com/noisetorch/NoiseTorch.git"
      }
    },
    "poetry2nix": {
      "inputs": {
        "flake-utils": [
          "denbeigh-neovim",
          "nixvim",
          "beautysh",
          "utils"
        ],
        "nixpkgs": [
          "denbeigh-neovim",
          "nixvim",
          "beautysh",
          "nixpkgs"
        ]
      },
      "locked": {
        "lastModified": 1658665240,
        "narHash": "sha256-/wkx7D7enyBPRjIkK0w7QxLQhzEkb3UxNQnjyc3FTUI=",
        "owner": "nix-community",
        "repo": "poetry2nix",
        "rev": "8b8edc85d24661d5a6d0d71d6a7011f3e699780f",
        "type": "github"
      },
      "original": {
        "owner": "nix-community",
        "repo": "poetry2nix",
        "type": "github"
      }
    },
    "pre-commit-hooks": {
      "inputs": {
        "flake-compat": "flake-compat",
        "flake-utils": "flake-utils",
        "gitignore": "gitignore",
        "nixpkgs": [
          "denbeigh-neovim",
          "nixvim",
          "nixpkgs"
        ],
        "nixpkgs-stable": "nixpkgs-stable"
      },
      "locked": {
        "lastModified": 1703939133,
        "narHash": "sha256-Gxe+mfOT6bL7wLC/tuT2F+V+Sb44jNr8YsJ3cyIl4Mo=",
        "owner": "cachix",
        "repo": "pre-commit-hooks.nix",
        "rev": "9d3d7e18c6bc4473d7520200d4ddab12f8402d38",
        "type": "github"
      },
      "original": {
        "owner": "cachix",
        "repo": "pre-commit-hooks.nix",
        "type": "github"
      }
    },
    "root": {
      "inputs": {
        "agenix": "agenix",
        "darwin": "darwin",
        "denbeigh-ci": "denbeigh-ci",
        "denbeigh-devtools": "denbeigh-devtools",
        "denbeigh-neovim": "denbeigh-neovim",
        "flake-utils": "flake-utils_2",
        "fonts": "fonts",
        "home-manager": "home-manager_2",
        "nix-upload-daemon": "nix-upload-daemon",
        "nixgl": "nixgl",
        "nixos-generators": "nixos-generators",
        "nixpkgs": "nixpkgs",
        "nixpkgs-unstable": "nixpkgs-unstable",
        "noisetorch-src": "noisetorch-src",
        "terraform-providers-bin": "terraform-providers-bin"
      }
    },
    "rust-overlay": {
      "inputs": {
        "flake-utils": [
          "denbeigh-ci",
          "flake-utils"
        ],
        "nixpkgs": [
          "denbeigh-ci",
          "nixpkgs"
        ]
      },
      "locked": {
        "lastModified": 1711159876,
        "narHash": "sha256-FqulGFAxIdc1Sku4Hm0c47wxri5OE/z5FTsUI9epeJA=",
        "owner": "oxalica",
        "repo": "rust-overlay",
        "rev": "6529a7975b893c17318cbdd351c771cb8d2c1dcb",
        "type": "github"
      },
      "original": {
        "owner": "oxalica",
        "repo": "rust-overlay",
        "type": "github"
      }
    },
    "rust-overlay_2": {
      "inputs": {
        "flake-utils": [
          "denbeigh-devtools",
          "denbeigh-ci",
          "flake-utils"
        ],
        "nixpkgs": [
          "denbeigh-devtools",
          "denbeigh-ci",
          "nixpkgs"
        ]
      },
      "locked": {
        "lastModified": 1711159876,
        "narHash": "sha256-FqulGFAxIdc1Sku4Hm0c47wxri5OE/z5FTsUI9epeJA=",
        "owner": "oxalica",
        "repo": "rust-overlay",
        "rev": "6529a7975b893c17318cbdd351c771cb8d2c1dcb",
        "type": "github"
      },
      "original": {
        "owner": "oxalica",
        "repo": "rust-overlay",
        "type": "github"
      }
    },
    "rust-overlay_3": {
      "inputs": {
        "flake-utils": [
          "denbeigh-devtools",
          "flake-utils"
        ],
        "nixpkgs": [
          "denbeigh-devtools",
          "nixpkgs"
        ]
      },
      "locked": {
        "lastModified": 1705716951,
        "narHash": "sha256-Yp4EkRWoXX57a7hDyx6xJDTtl0h1WRFdRlp9SejPPOQ=",
        "owner": "oxalica",
        "repo": "rust-overlay",
        "rev": "612b6a974cb921fe7aa4cafd54f4f5f899b19173",
        "type": "github"
      },
      "original": {
        "owner": "oxalica",
        "repo": "rust-overlay",
        "type": "github"
      }
    },
    "rust-overlay_4": {
      "inputs": {
        "flake-utils": [
          "denbeigh-neovim",
          "denbeigh-ci",
          "flake-utils"
        ],
        "nixpkgs": [
          "denbeigh-neovim",
          "denbeigh-ci",
          "nixpkgs"
        ]
      },
      "locked": {
        "lastModified": 1711159876,
        "narHash": "sha256-FqulGFAxIdc1Sku4Hm0c47wxri5OE/z5FTsUI9epeJA=",
        "owner": "oxalica",
        "repo": "rust-overlay",
        "rev": "6529a7975b893c17318cbdd351c771cb8d2c1dcb",
        "type": "github"
      },
      "original": {
        "owner": "oxalica",
        "repo": "rust-overlay",
        "type": "github"
      }
    },
    "rust-overlay_5": {
      "inputs": {
        "flake-utils": "flake-utils_3",
        "nixpkgs": [
          "nix-upload-daemon",
          "nixpkgs"
        ]
      },
      "locked": {
        "lastModified": 1691201768,
        "narHash": "sha256-h+QJMpawZoK1+8efF6UjQoY1EHZfHteXVa5OYnlqRWA=",
        "owner": "oxalica",
        "repo": "rust-overlay",
        "rev": "18ee2a71de24273e4ad4503b5604532f0b53f382",
        "type": "github"
      },
      "original": {
        "owner": "oxalica",
        "repo": "rust-overlay",
        "type": "github"
      }
    },
    "systems": {
      "locked": {
        "lastModified": 1681028828,
        "narHash": "sha256-Vy1rq5AaRuLzOxct8nz4T6wlgyUR7zLU309k9mBC768=",
        "owner": "nix-systems",
        "repo": "default",
        "rev": "da67096a3b9bf56a91d16901293e51ba5b49a27e",
        "type": "github"
      },
      "original": {
        "owner": "nix-systems",
        "repo": "default",
        "type": "github"
      }
    },
    "systems_2": {
      "locked": {
        "lastModified": 1681028828,
        "narHash": "sha256-Vy1rq5AaRuLzOxct8nz4T6wlgyUR7zLU309k9mBC768=",
        "owner": "nix-systems",
        "repo": "default",
        "rev": "da67096a3b9bf56a91d16901293e51ba5b49a27e",
        "type": "github"
      },
      "original": {
        "owner": "nix-systems",
        "repo": "default",
        "type": "github"
      }
    },
    "systems_3": {
      "locked": {
        "lastModified": 1681028828,
        "narHash": "sha256-Vy1rq5AaRuLzOxct8nz4T6wlgyUR7zLU309k9mBC768=",
        "owner": "nix-systems",
        "repo": "default",
        "rev": "da67096a3b9bf56a91d16901293e51ba5b49a27e",
        "type": "github"
      },
      "original": {
        "owner": "nix-systems",
        "repo": "default",
        "type": "github"
      }
    },
    "systems_4": {
      "locked": {
        "lastModified": 1681028828,
        "narHash": "sha256-Vy1rq5AaRuLzOxct8nz4T6wlgyUR7zLU309k9mBC768=",
        "owner": "nix-systems",
        "repo": "default",
        "rev": "da67096a3b9bf56a91d16901293e51ba5b49a27e",
        "type": "github"
      },
      "original": {
        "owner": "nix-systems",
        "repo": "default",
        "type": "github"
      }
    },
    "terraform-providers-bin": {
      "inputs": {
        "nixpkgs": [
          "nixpkgs"
        ]
      },
      "locked": {
        "lastModified": 1696639082,
        "narHash": "sha256-miiy/+/7enrvqTS/sJCm/wu++bpgtqXPNMJ/FXKqJM8=",
        "owner": "nix-community",
        "repo": "nixpkgs-terraform-providers-bin",
        "rev": "3d9d667c5f669d4b93a86a42650aa78d06df16d5",
        "type": "github"
      },
      "original": {
        "owner": "nix-community",
        "repo": "nixpkgs-terraform-providers-bin",
        "rev": "3d9d667c5f669d4b93a86a42650aa78d06df16d5",
        "type": "github"
      }
    },
    "utils": {
      "locked": {
        "lastModified": 1678901627,
        "narHash": "sha256-U02riOqrKKzwjsxc/400XnElV+UtPUQWpANPlyazjH0=",
        "owner": "numtide",
        "repo": "flake-utils",
        "rev": "93a2b84fc4b70d9e089d029deacc3583435c2ed6",
        "type": "github"
      },
      "original": {
        "owner": "numtide",
        "repo": "flake-utils",
        "type": "github"
      }
    }
  },
  "root": "root",
  "version": 7
}
